
Microsoft Visual Studio Solution File, Format Version 12.00
# Visual Studio Version 17
VisualStudioVersion = 17.5.002.0
MinimumVisualStudioVersion = 10.0.40219.1
Project("{9A19103F-16F7-4668-BE54-9A1E7A4F7556}") = "dotnetsay", "dotnetsay\dotnetsay.csproj", "{99615EB1-A516-4393-9279-D80E500F26F2}"
EndProject
Project("{9A19103F-16F7-4668-BE54-9A1E7A4F7556}") = "dependadotnet", "dependadotnet\dependadotnet.csproj", "{62CC070F-6DB1-4CB3-AE35-D8286BBFAFC4}"
EndProject
Project("{9A19103F-16F7-4668-BE54-9A1E7A4F7556}") = "dotnet-runtimeinfo", "dotnet-runtimeinfo\dotnet-runtimeinfo.csproj", "{D0318E6B-CCCA-4442-9E10-CC016C25FEAF}"
EndProject
Global
	GlobalSection(SolutionConfigurationPlatforms) = preSolution
		Debug|Any CPU = Debug|Any CPU
		Release|Any CPU = Release|Any CPU
	EndGlobalSection
	GlobalSection(ProjectConfigurationPlatforms) = postSolution
		{99615EB1-A516-4393-9279-D80E500F26F2}.Debug|Any CPU.ActiveCfg = Debug|Any CPU
		{99615EB1-A516-4393-9279-D80E500F26F2}.Debug|Any CPU.Build.0 = Debug|Any CPU
		{99615EB1-A516-4393-9279-D80E500F26F2}.Release|Any CPU.ActiveCfg = Release|Any CPU
		{99615EB1-A516-4393-9279-D80E500F26F2}.Release|Any CPU.Build.0 = Release|Any CPU
		{62CC070F-6DB1-4CB3-AE35-D8286BBFAFC4}.Debug|Any CPU.ActiveCfg = Debug|Any CPU
		{62CC070F-6DB1-4CB3-AE35-D8286BBFAFC4}.Debug|Any CPU.Build.0 = Debug|Any CPU
		{62CC070F-6DB1-4CB3-AE35-D8286BBFAFC4}.Release|Any CPU.ActiveCfg = Release|Any CPU
		{62CC070F-6DB1-4CB3-AE35-D8286BBFAFC4}.Release|Any CPU.Build.0 = Release|Any CPU
		{D0318E6B-CCCA-4442-9E10-CC016C25FEAF}.Debug|Any CPU.ActiveCfg = Debug|Any CPU
		{D0318E6B-CCCA-4442-9E10-CC016C25FEAF}.Debug|Any CPU.Build.0 = Debug|Any CPU
		{D0318E6B-CCCA-4442-9E10-CC016C25FEAF}.Release|Any CPU.ActiveCfg = Release|Any CPU
		{D0318E6B-CCCA-4442-9E10-CC016C25FEAF}.Release|Any CPU.Build.0 = Release|Any CPU
	EndGlobalSection
	GlobalSection(SolutionProperties) = preSolution
		HideSolutionNode = FALSE
	EndGlobalSection
	GlobalSection(ExtensibilityGlobals) = postSolution
		SolutionGuid = {D78C9979-D3D3-45C6-A23F-5205771FD18C}
	EndGlobalSection
EndGlobal
