
Microsoft Visual Studio Solution File, Format Version 12.00
# Visual Studio 15
VisualStudioVersion = 15.0.26621.2
MinimumVisualStudioVersion = 10.0.40219.1
Project("{FAE04EC0-301F-11D3-BF4B-00C04F79EFBC}") = "CoreWithFrameworkDependency", "CoreWithFrameworkDependency\CoreWithFrameworkDependency.csproj", "{12EEB4A7-6AA0-44DD-AC4A-AB2F15332C9C}"
EndProject
Project("{FAE04EC0-301F-11D3-BF4B-00C04F79EFBC}") = "ClassLibrary1", "ClassLibrary1\ClassLibrary1.csproj", "{F6DE65BB-5558-4D69-A04C-6B19F0A7CCAE}"
EndProject
Global
	GlobalSection(SolutionConfigurationPlatforms) = preSolution
		Debug|Any CPU = Debug|Any CPU
		Release|Any CPU = Release|Any CPU
	EndGlobalSection
	GlobalSection(ProjectConfigurationPlatforms) = postSolution
		{12EEB4A7-6AA0-44DD-AC4A-AB2F15332C9C}.Debug|Any CPU.ActiveCfg = Debug|Any CPU
		{12EEB4A7-6AA0-44DD-AC4A-AB2F15332C9C}.Debug|Any CPU.Build.0 = Debug|Any CPU
		{12EEB4A7-6AA0-44DD-AC4A-AB2F15332C9C}.Release|Any CPU.ActiveCfg = Release|Any CPU
		{12EEB4A7-6AA0-44DD-AC4A-AB2F15332C9C}.Release|Any CPU.Build.0 = Release|Any CPU
		{F6DE65BB-5558-4D69-A04C-6B19F0A7CCAE}.Debug|Any CPU.ActiveCfg = Debug|Any CPU
		{F6DE65BB-5558-4D69-A04C-6B19F0A7CCAE}.Debug|Any CPU.Build.0 = Debug|Any CPU
		{F6DE65BB-5558-4D69-A04C-6B19F0A7CCAE}.Release|Any CPU.ActiveCfg = Release|Any CPU
		{F6DE65BB-5558-4D69-A04C-6B19F0A7CCAE}.Release|Any CPU.Build.0 = Release|Any CPU
	EndGlobalSection
	GlobalSection(SolutionProperties) = preSolution
		HideSolutionNode = FALSE
	EndGlobalSection
	GlobalSection(ExtensibilityGlobals) = postSolution
		SolutionGuid = {EEB201C6-93F8-44E0-A988-F4117E9C24FB}
	EndGlobalSection
EndGlobal
